
Microsoft Visual Studio Solution File, Format Version 12.00
# Visual Studio Version 16
VisualStudioVersion = 16.0.30225.117
MinimumVisualStudioVersion = 10.0.40219.1
Project("{FAE04EC0-301F-11D3-BF4B-00C04F79EFBC}") = "dot-NET Vjezbe", "dot-NET Vjezbe\dot-NET Vjezbe.csproj", "{BDE2BF58-5EF9-47DD-BD4F-2497845CB66D}"
EndProject
Global
	GlobalSection(SolutionConfigurationPlatforms) = preSolution
		Debug|Any CPU = Debug|Any CPU
		Release|Any CPU = Release|Any CPU
	EndGlobalSection
	GlobalSection(ProjectConfigurationPlatforms) = postSolution
		{BDE2BF58-5EF9-47DD-BD4F-2497845CB66D}.Debug|Any CPU.ActiveCfg = Debug|Any CPU
		{BDE2BF58-5EF9-47DD-BD4F-2497845CB66D}.Debug|Any CPU.Build.0 = Debug|Any CPU
		{BDE2BF58-5EF9-47DD-BD4F-2497845CB66D}.Release|Any CPU.ActiveCfg = Release|Any CPU
		{BDE2BF58-5EF9-47DD-BD4F-2497845CB66D}.Release|Any CPU.Build.0 = Release|Any CPU
	EndGlobalSection
	GlobalSection(SolutionProperties) = preSolution
		HideSolutionNode = FALSE
	EndGlobalSection
	GlobalSection(ExtensibilityGlobals) = postSolution
		SolutionGuid = {3656C784-F4F8-425D-9188-36FBDAADE86A}
	EndGlobalSection
EndGlobal
